
Microsoft Visual Studio Solution File, Format Version 12.00
# Visual Studio Version 17
VisualStudioVersion = 17.6.33513.286
MinimumVisualStudioVersion = 10.0.40219.1
Project("{9A19103F-16F7-4668-BE54-9A1E7A4F7556}") = "ShopApi", "ShopApi\ShopApi.csproj", "{0525AE13-3036-458F-9B41-A562F3294420}"
EndProject
Project("{9A19103F-16F7-4668-BE54-9A1E7A4F7556}") = "EmailService", "EmailService\EmailService.csproj", "{14B0AD1F-1984-4B05-AAD8-9C11CD94863A}"
EndProject
Project("{9A19103F-16F7-4668-BE54-9A1E7A4F7556}") = "ShopDB", "ShopDB\ShopDB.csproj", "{44DE1348-FA30-4251-AEF9-40882F321B72}"
EndProject
Project("{9A19103F-16F7-4668-BE54-9A1E7A4F7556}") = "OrderDB", "OrderDB\OrderDB.csproj", "{BA3A9D47-62E3-4526-AB9F-F9C38F26451A}"
EndProject
Global
	GlobalSection(SolutionConfigurationPlatforms) = preSolution
		Debug|Any CPU = Debug|Any CPU
		Release|Any CPU = Release|Any CPU
	EndGlobalSection
	GlobalSection(ProjectConfigurationPlatforms) = postSolution
		{0525AE13-3036-458F-9B41-A562F3294420}.Debug|Any CPU.ActiveCfg = Debug|Any CPU
		{0525AE13-3036-458F-9B41-A562F3294420}.Debug|Any CPU.Build.0 = Debug|Any CPU
		{0525AE13-3036-458F-9B41-A562F3294420}.Release|Any CPU.ActiveCfg = Release|Any CPU
		{0525AE13-3036-458F-9B41-A562F3294420}.Release|Any CPU.Build.0 = Release|Any CPU
		{14B0AD1F-1984-4B05-AAD8-9C11CD94863A}.Debug|Any CPU.ActiveCfg = Debug|Any CPU
		{14B0AD1F-1984-4B05-AAD8-9C11CD94863A}.Debug|Any CPU.Build.0 = Debug|Any CPU
		{14B0AD1F-1984-4B05-AAD8-9C11CD94863A}.Release|Any CPU.ActiveCfg = Release|Any CPU
		{14B0AD1F-1984-4B05-AAD8-9C11CD94863A}.Release|Any CPU.Build.0 = Release|Any CPU
		{44DE1348-FA30-4251-AEF9-40882F321B72}.Debug|Any CPU.ActiveCfg = Debug|Any CPU
		{44DE1348-FA30-4251-AEF9-40882F321B72}.Debug|Any CPU.Build.0 = Debug|Any CPU
		{44DE1348-FA30-4251-AEF9-40882F321B72}.Release|Any CPU.ActiveCfg = Release|Any CPU
		{44DE1348-FA30-4251-AEF9-40882F321B72}.Release|Any CPU.Build.0 = Release|Any CPU
		{BA3A9D47-62E3-4526-AB9F-F9C38F26451A}.Debug|Any CPU.ActiveCfg = Debug|Any CPU
		{BA3A9D47-62E3-4526-AB9F-F9C38F26451A}.Debug|Any CPU.Build.0 = Debug|Any CPU
		{BA3A9D47-62E3-4526-AB9F-F9C38F26451A}.Release|Any CPU.ActiveCfg = Release|Any CPU
		{BA3A9D47-62E3-4526-AB9F-F9C38F26451A}.Release|Any CPU.Build.0 = Release|Any CPU
	EndGlobalSection
	GlobalSection(SolutionProperties) = preSolution
		HideSolutionNode = FALSE
	EndGlobalSection
	GlobalSection(ExtensibilityGlobals) = postSolution
		SolutionGuid = {6BCAD1F3-BF39-44C9-A245-1C369A67D224}
	EndGlobalSection
EndGlobal
