
Microsoft Visual Studio Solution File, Format Version 12.00
# Visual Studio Version 17
VisualStudioVersion = 17.5.002.0
MinimumVisualStudioVersion = 10.0.40219.1
Project("{9A19103F-16F7-4668-BE54-9A1E7A4F7556}") = "ShopApi", "ShopApi.csproj", "{FD766AB2-2EE1-4B6F-AC42-46BAF7E9C431}"
EndProject
Global
	GlobalSection(SolutionConfigurationPlatforms) = preSolution
		Debug|Any CPU = Debug|Any CPU
		Release|Any CPU = Release|Any CPU
	EndGlobalSection
	GlobalSection(ProjectConfigurationPlatforms) = postSolution
		{FD766AB2-2EE1-4B6F-AC42-46BAF7E9C431}.Debug|Any CPU.ActiveCfg = Debug|Any CPU
		{FD766AB2-2EE1-4B6F-AC42-46BAF7E9C431}.Debug|Any CPU.Build.0 = Debug|Any CPU
		{FD766AB2-2EE1-4B6F-AC42-46BAF7E9C431}.Release|Any CPU.ActiveCfg = Release|Any CPU
		{FD766AB2-2EE1-4B6F-AC42-46BAF7E9C431}.Release|Any CPU.Build.0 = Release|Any CPU
	EndGlobalSection
	GlobalSection(SolutionProperties) = preSolution
		HideSolutionNode = FALSE
	EndGlobalSection
	GlobalSection(ExtensibilityGlobals) = postSolution
		SolutionGuid = {6D6E582A-2AC8-40F2-A421-E9DDC00D0AA8}
	EndGlobalSection
EndGlobal
